{
  "name": "devsbc-components",
  "version": "1.3.5",
  "lockfileVersion": 2,
  "requires": true,
  "packages": {
    "": {
      "name": "devsbc-components",
      "version": "1.3.5",
      "dependencies": {
        "tslib": "^2.0.0"
      },
      "peerDependencies": {
        "@angular/animations": "~12.2.7",
        "@angular/cdk": "^12.2.7",
        "@angular/common": "~12.2.7",
        "@angular/compiler": "~12.2.7",
        "@angular/core": "~12.2.7",
        "@angular/forms": "~12.2.7",
        "@angular/material": "^12.2.7",
        "@angular/platform-browser": "~12.2.7",
        "@angular/platform-browser-dynamic": "~12.2.7",
        "@angular/router": "~12.2.7",
        "rxjs": "~7.3.0"
      }
    },
    "node_modules/@angular/animations": {
      "version": "12.2.7",
      "resolved": "https://registry.npmjs.org/@angular/animations/-/animations-12.2.7.tgz",
      "integrity": "sha512-ehlI4wnlHN213CiQNjYspoT9cEIrtOqVJfsPxUdzOCqCGBajVLxyqHb1skXtfOQXOIhznRS7P/d/4Ht7mWMizg==",
      "peer": true,
      "dependencies": {
        "tslib": "^2.2.0"
      },
      "engines": {
        "node": "^12.14.1 || >=14.0.0"
      },
      "peerDependencies": {
        "@angular/core": "12.2.7"
      }
    },
    "node_modules/@angular/cdk": {
      "version": "12.2.7",
      "resolved": "https://registry.npmjs.org/@angular/cdk/-/cdk-12.2.7.tgz",
      "integrity": "sha512-OMPewaE1VxCSFkLDZQLFMkGQCQEvbizuVRzArZBB5xfxl98YMjntNQjlWH4rGbRhF+eZlpOrC+UAVnzTX2BzAw==",
      "peer": true,
      "dependencies": {
        "tslib": "^2.2.0"
      },
      "optionalDependencies": {
        "parse5": "^5.0.0"
      },
      "peerDependencies": {
        "@angular/common": "^12.0.0 || ^13.0.0-0",
        "@angular/core": "^12.0.0 || ^13.0.0-0",
        "rxjs": "^6.5.3 || ^7.0.0"
      }
    },
    "node_modules/@angular/common": {
      "version": "12.2.7",
      "resolved": "https://registry.npmjs.org/@angular/common/-/common-12.2.7.tgz",
      "integrity": "sha512-Gug5a59c4NwfmSvO9Ya7DoYjl6ndK7nDuBoPSpp6IHTlNE8FY/BOd29qEp/lYJ4cAWxVk14+lonUPs6C+Szekw==",
      "peer": true,
      "dependencies": {
        "tslib": "^2.2.0"
      },
      "engines": {
        "node": "^12.14.1 || >=14.0.0"
      },
      "peerDependencies": {
        "@angular/core": "12.2.7",
        "rxjs": "^6.5.3 || ^7.0.0"
      }
    },
    "node_modules/@angular/compiler": {
      "version": "12.2.7",
      "resolved": "https://registry.npmjs.org/@angular/compiler/-/compiler-12.2.7.tgz",
      "integrity": "sha512-9X7Vrfg6dWfYKPAJLQYR5W7N8WnESg8PG07gNzHZtavETPrDIoX+Av/kQcEdPu14zTZE5NWx5u5TUByFgouQiQ==",
      "peer": true,
      "dependencies": {
        "tslib": "^2.2.0"
      },
      "engines": {
        "node": "^12.14.1 || >=14.0.0"
      }
    },
    "node_modules/@angular/core": {
      "version": "12.2.7",
      "resolved": "https://registry.npmjs.org/@angular/core/-/core-12.2.7.tgz",
      "integrity": "sha512-no4mQ4O1euNH6odho1H27dcUmYBaNuyYvpPvv0wbb1pMT3Mm2J/uueePx/fvwg3nQ+vnk/yL1VCCqR7Mt62nHA==",
      "peer": true,
      "dependencies": {
        "tslib": "^2.2.0"
      },
      "engines": {
        "node": "^12.14.1 || >=14.0.0"
      },
      "peerDependencies": {
        "rxjs": "^6.5.3 || ^7.0.0",
        "zone.js": "~0.11.4"
      }
    },
    "node_modules/@angular/forms": {
      "version": "12.2.7",
      "resolved": "https://registry.npmjs.org/@angular/forms/-/forms-12.2.7.tgz",
      "integrity": "sha512-TtXnwE/bouEtGddaaSGytwCoyRN8YPNN/yf81fFM9LOGef4ZpABMtuMnsZxlDS+91AGpVSzvR511O5DG1BXc4Q==",
      "peer": true,
      "dependencies": {
        "tslib": "^2.2.0"
      },
      "engines": {
        "node": "^12.14.1 || >=14.0.0"
      },
      "peerDependencies": {
        "@angular/common": "12.2.7",
        "@angular/core": "12.2.7",
        "@angular/platform-browser": "12.2.7",
        "rxjs": "^6.5.3 || ^7.0.0"
      }
    },
    "node_modules/@angular/material": {
      "version": "12.2.7",
      "resolved": "https://registry.npmjs.org/@angular/material/-/material-12.2.7.tgz",
      "integrity": "sha512-uaenRwRywvn0hMvRIsSaFIgUSrfHHZMr/uAC3uDZh7zAVmsbAqgzyrNo7i4L5vZxQa3q1EXn1fFPPOTrPfqdJw==",
      "peer": true,
      "dependencies": {
        "tslib": "^2.2.0"
      },
      "peerDependencies": {
        "@angular/animations": "^12.0.0 || ^13.0.0-0",
        "@angular/cdk": "12.2.7",
        "@angular/common": "^12.0.0 || ^13.0.0-0",
        "@angular/core": "^12.0.0 || ^13.0.0-0",
        "@angular/forms": "^12.0.0 || ^13.0.0-0",
        "rxjs": "^6.5.3 || ^7.0.0"
      }
    },
    "node_modules/@angular/platform-browser": {
      "version": "12.2.7",
      "resolved": "https://registry.npmjs.org/@angular/platform-browser/-/platform-browser-12.2.7.tgz",
      "integrity": "sha512-mCQ5KqskMb98DLowyKfixH+ZpTjs5WuIZw9BqPc2knOlUxmfTuDRf5xDQn9Nur2ASF1wfJpaOogW685nB3ojnQ==",
      "peer": true,
      "dependencies": {
        "tslib": "^2.2.0"
      },
      "engines": {
        "node": "^12.14.1 || >=14.0.0"
      },
      "peerDependencies": {
        "@angular/animations": "12.2.7",
        "@angular/common": "12.2.7",
        "@angular/core": "12.2.7"
      },
      "peerDependenciesMeta": {
        "@angular/animations": {
          "optional": true
        }
      }
    },
    "node_modules/@angular/platform-browser-dynamic": {
      "version": "12.2.7",
      "resolved": "https://registry.npmjs.org/@angular/platform-browser-dynamic/-/platform-browser-dynamic-12.2.7.tgz",
      "integrity": "sha512-KxIotZR/NaM4r6OyjVxpPIg2AOk2jXpZy77g868tzqt8GQVJ6NXHoNTIAfQhEelr6bSIELm+mTqhDbNNIrXEnQ==",
      "peer": true,
      "dependencies": {
        "tslib": "^2.2.0"
      },
      "engines": {
        "node": "^12.14.1 || >=14.0.0"
      },
      "peerDependencies": {
        "@angular/common": "12.2.7",
        "@angular/compiler": "12.2.7",
        "@angular/core": "12.2.7",
        "@angular/platform-browser": "12.2.7"
      }
    },
    "node_modules/@angular/router": {
      "version": "12.2.7",
      "resolved": "https://registry.npmjs.org/@angular/router/-/router-12.2.7.tgz",
      "integrity": "sha512-3RzeBXbV0B+sdSskRYV07KsCgcS8dMmce6oUQrDskEnAmakzFo+R6OVKBFhPtTrqUstHVUsXr2kcoaaPVLquYw==",
      "peer": true,
      "dependencies": {
        "tslib": "^2.2.0"
      },
      "engines": {
        "node": "^12.14.1 || >=14.0.0"
      },
      "peerDependencies": {
        "@angular/common": "12.2.7",
        "@angular/core": "12.2.7",
        "@angular/platform-browser": "12.2.7",
        "rxjs": "^6.5.3 || ^7.0.0"
      }
    },
    "node_modules/parse5": {
      "version": "5.1.1",
      "resolved": "https://registry.npmjs.org/parse5/-/parse5-5.1.1.tgz",
      "integrity": "sha512-ugq4DFI0Ptb+WWjAdOK16+u/nHfiIrcE+sh8kZMaM0WllQKLI9rOUq6c2b7cwPkXdzfQESqvoqK6ug7U/Yyzug==",
      "optional": true,
      "peer": true
    },
    "node_modules/rxjs": {
      "version": "7.3.0",
      "resolved": "https://registry.npmjs.org/rxjs/-/rxjs-7.3.0.tgz",
      "integrity": "sha512-p2yuGIg9S1epc3vrjKf6iVb3RCaAYjYskkO+jHIaV0IjOPlJop4UnodOoFb2xeNwlguqLYvGw1b1McillYb5Gw==",
      "peer": true,
      "dependencies": {
        "tslib": "~2.1.0"
      }
    },
    "node_modules/rxjs/node_modules/tslib": {
      "version": "2.1.0",
      "resolved": "https://registry.npmjs.org/tslib/-/tslib-2.1.0.tgz",
      "integrity": "sha512-hcVC3wYEziELGGmEEXue7D75zbwIIVUMWAVbHItGPx0ziyXxrOMQx4rQEVEV45Ut/1IotuEvwqPopzIOkDMf0A==",
      "peer": true
    },
    "node_modules/tslib": {
      "version": "2.3.0",
      "resolved": "https://registry.npmjs.org/tslib/-/tslib-2.3.0.tgz",
      "integrity": "sha512-N82ooyxVNm6h1riLCoyS9e3fuJ3AMG2zIZs2Gd1ATcSFjSA23Q0fzjjZeh0jbJvWVDZ0cJT8yaNNaaXHzueNjg=="
    },
    "node_modules/zone.js": {
      "version": "0.11.4",
      "resolved": "https://registry.npmjs.org/zone.js/-/zone.js-0.11.4.tgz",
      "integrity": "sha512-DDh2Ab+A/B+9mJyajPjHFPWfYU1H+pdun4wnnk0OcQTNjem1XQSZ2CDW+rfZEUDjv5M19SBqAkjZi0x5wuB5Qw==",
      "peer": true,
      "dependencies": {
        "tslib": "^2.0.0"
      }
    }
  },
  "dependencies": {
    "@angular/animations": {
      "version": "12.2.7",
      "resolved": "https://registry.npmjs.org/@angular/animations/-/animations-12.2.7.tgz",
      "integrity": "sha512-ehlI4wnlHN213CiQNjYspoT9cEIrtOqVJfsPxUdzOCqCGBajVLxyqHb1skXtfOQXOIhznRS7P/d/4Ht7mWMizg==",
      "peer": true,
      "requires": {
        "tslib": "^2.2.0"
      }
    },
    "@angular/cdk": {
      "version": "12.2.7",
      "resolved": "https://registry.npmjs.org/@angular/cdk/-/cdk-12.2.7.tgz",
      "integrity": "sha512-OMPewaE1VxCSFkLDZQLFMkGQCQEvbizuVRzArZBB5xfxl98YMjntNQjlWH4rGbRhF+eZlpOrC+UAVnzTX2BzAw==",
      "peer": true,
      "requires": {
        "parse5": "^5.0.0",
        "tslib": "^2.2.0"
      }
    },
    "@angular/common": {
      "version": "12.2.7",
      "resolved": "https://registry.npmjs.org/@angular/common/-/common-12.2.7.tgz",
      "integrity": "sha512-Gug5a59c4NwfmSvO9Ya7DoYjl6ndK7nDuBoPSpp6IHTlNE8FY/BOd29qEp/lYJ4cAWxVk14+lonUPs6C+Szekw==",
      "peer": true,
      "requires": {
        "tslib": "^2.2.0"
      }
    },
    "@angular/compiler": {
      "version": "12.2.7",
      "resolved": "https://registry.npmjs.org/@angular/compiler/-/compiler-12.2.7.tgz",
      "integrity": "sha512-9X7Vrfg6dWfYKPAJLQYR5W7N8WnESg8PG07gNzHZtavETPrDIoX+Av/kQcEdPu14zTZE5NWx5u5TUByFgouQiQ==",
      "peer": true,
      "requires": {
        "tslib": "^2.2.0"
      }
    },
    "@angular/core": {
      "version": "12.2.7",
      "resolved": "https://registry.npmjs.org/@angular/core/-/core-12.2.7.tgz",
      "integrity": "sha512-no4mQ4O1euNH6odho1H27dcUmYBaNuyYvpPvv0wbb1pMT3Mm2J/uueePx/fvwg3nQ+vnk/yL1VCCqR7Mt62nHA==",
      "peer": true,
      "requires": {
        "tslib": "^2.2.0"
      }
    },
    "@angular/forms": {
      "version": "12.2.7",
      "resolved": "https://registry.npmjs.org/@angular/forms/-/forms-12.2.7.tgz",
      "integrity": "sha512-TtXnwE/bouEtGddaaSGytwCoyRN8YPNN/yf81fFM9LOGef4ZpABMtuMnsZxlDS+91AGpVSzvR511O5DG1BXc4Q==",
      "peer": true,
      "requires": {
        "tslib": "^2.2.0"
      }
    },
    "@angular/material": {
      "version": "12.2.7",
      "resolved": "https://registry.npmjs.org/@angular/material/-/material-12.2.7.tgz",
      "integrity": "sha512-uaenRwRywvn0hMvRIsSaFIgUSrfHHZMr/uAC3uDZh7zAVmsbAqgzyrNo7i4L5vZxQa3q1EXn1fFPPOTrPfqdJw==",
      "peer": true,
      "requires": {
        "tslib": "^2.2.0"
      }
    },
    "@angular/platform-browser": {
      "version": "12.2.7",
      "resolved": "https://registry.npmjs.org/@angular/platform-browser/-/platform-browser-12.2.7.tgz",
      "integrity": "sha512-mCQ5KqskMb98DLowyKfixH+ZpTjs5WuIZw9BqPc2knOlUxmfTuDRf5xDQn9Nur2ASF1wfJpaOogW685nB3ojnQ==",
      "peer": true,
      "requires": {
        "tslib": "^2.2.0"
      }
    },
    "@angular/platform-browser-dynamic": {
      "version": "12.2.7",
      "resolved": "https://registry.npmjs.org/@angular/platform-browser-dynamic/-/platform-browser-dynamic-12.2.7.tgz",
      "integrity": "sha512-KxIotZR/NaM4r6OyjVxpPIg2AOk2jXpZy77g868tzqt8GQVJ6NXHoNTIAfQhEelr6bSIELm+mTqhDbNNIrXEnQ==",
      "peer": true,
      "requires": {
        "tslib": "^2.2.0"
      }
    },
    "@angular/router": {
      "version": "12.2.7",
      "resolved": "https://registry.npmjs.org/@angular/router/-/router-12.2.7.tgz",
      "integrity": "sha512-3RzeBXbV0B+sdSskRYV07KsCgcS8dMmce6oUQrDskEnAmakzFo+R6OVKBFhPtTrqUstHVUsXr2kcoaaPVLquYw==",
      "peer": true,
      "requires": {
        "tslib": "^2.2.0"
      }
    },
    "parse5": {
      "version": "5.1.1",
      "resolved": "https://registry.npmjs.org/parse5/-/parse5-5.1.1.tgz",
      "integrity": "sha512-ugq4DFI0Ptb+WWjAdOK16+u/nHfiIrcE+sh8kZMaM0WllQKLI9rOUq6c2b7cwPkXdzfQESqvoqK6ug7U/Yyzug==",
      "optional": true,
      "peer": true
    },
    "rxjs": {
      "version": "7.3.0",
      "resolved": "https://registry.npmjs.org/rxjs/-/rxjs-7.3.0.tgz",
      "integrity": "sha512-p2yuGIg9S1epc3vrjKf6iVb3RCaAYjYskkO+jHIaV0IjOPlJop4UnodOoFb2xeNwlguqLYvGw1b1McillYb5Gw==",
      "peer": true,
      "requires": {
        "tslib": "~2.1.0"
      },
      "dependencies": {
        "tslib": {
          "version": "2.1.0",
          "resolved": "https://registry.npmjs.org/tslib/-/tslib-2.1.0.tgz",
          "integrity": "sha512-hcVC3wYEziELGGmEEXue7D75zbwIIVUMWAVbHItGPx0ziyXxrOMQx4rQEVEV45Ut/1IotuEvwqPopzIOkDMf0A==",
          "peer": true
        }
      }
    },
    "tslib": {
      "version": "2.3.0",
      "resolved": "https://registry.npmjs.org/tslib/-/tslib-2.3.0.tgz",
      "integrity": "sha512-N82ooyxVNm6h1riLCoyS9e3fuJ3AMG2zIZs2Gd1ATcSFjSA23Q0fzjjZeh0jbJvWVDZ0cJT8yaNNaaXHzueNjg=="
    },
    "zone.js": {
      "version": "0.11.4",
      "resolved": "https://registry.npmjs.org/zone.js/-/zone.js-0.11.4.tgz",
      "integrity": "sha512-DDh2Ab+A/B+9mJyajPjHFPWfYU1H+pdun4wnnk0OcQTNjem1XQSZ2CDW+rfZEUDjv5M19SBqAkjZi0x5wuB5Qw==",
      "peer": true,
      "requires": {
        "tslib": "^2.0.0"
      }
    }
  }
}
